
Microsoft Visual Studio Solution File, Format Version 12.00
# Visual Studio Version 16
VisualStudioVersion = 16.0.28922.388
MinimumVisualStudioVersion = 10.0.40219.1
Project("{FAE04EC0-301F-11D3-BF4B-00C04F79EFBC}") = "GrpcApi", "GrpcApi\GrpcApi.csproj", "{16AE5F8A-AAFF-45C3-A0FA-74AD2EECD6A7}"
EndProject
Project("{FAE04EC0-301F-11D3-BF4B-00C04F79EFBC}") = "GrpcApiClient", "GrpcApiClient\GrpcApiClient.csproj", "{B2E9ABE7-34CC-41B1-809D-3DB3AEA1A5AF}"
EndProject
Global
	GlobalSection(SolutionConfigurationPlatforms) = preSolution
		Debug|Any CPU = Debug|Any CPU
		Release|Any CPU = Release|Any CPU
	EndGlobalSection
	GlobalSection(ProjectConfigurationPlatforms) = postSolution
		{16AE5F8A-AAFF-45C3-A0FA-74AD2EECD6A7}.Debug|Any CPU.ActiveCfg = Debug|Any CPU
		{16AE5F8A-AAFF-45C3-A0FA-74AD2EECD6A7}.Debug|Any CPU.Build.0 = Debug|Any CPU
		{16AE5F8A-AAFF-45C3-A0FA-74AD2EECD6A7}.Release|Any CPU.ActiveCfg = Release|Any CPU
		{16AE5F8A-AAFF-45C3-A0FA-74AD2EECD6A7}.Release|Any CPU.Build.0 = Release|Any CPU
		{B2E9ABE7-34CC-41B1-809D-3DB3AEA1A5AF}.Debug|Any CPU.ActiveCfg = Debug|Any CPU
		{B2E9ABE7-34CC-41B1-809D-3DB3AEA1A5AF}.Debug|Any CPU.Build.0 = Debug|Any CPU
		{B2E9ABE7-34CC-41B1-809D-3DB3AEA1A5AF}.Release|Any CPU.ActiveCfg = Release|Any CPU
		{B2E9ABE7-34CC-41B1-809D-3DB3AEA1A5AF}.Release|Any CPU.Build.0 = Release|Any CPU
	EndGlobalSection
	GlobalSection(SolutionProperties) = preSolution
		HideSolutionNode = FALSE
	EndGlobalSection
	GlobalSection(ExtensibilityGlobals) = postSolution
		SolutionGuid = {098C1389-9E94-419A-91CA-DAE9AB36337C}
	EndGlobalSection
EndGlobal
