
Microsoft Visual Studio Solution File, Format Version 12.00
# Visual Studio Version 16
VisualStudioVersion = 16.0.28917.181
MinimumVisualStudioVersion = 10.0.40219.1
Project("{9A19103F-16F7-4668-BE54-9A1E7A4F7556}") = "ClassicRestApi", "ClassicRestApi\ClassicRestApi.csproj", "{6E679018-4D42-417E-BB63-0B1097C857E0}"
EndProject
Project("{9A19103F-16F7-4668-BE54-9A1E7A4F7556}") = "GraphQLApi", "GraphQLApi\GraphQLApi.csproj", "{C791231F-9AC4-4F2D-8ED8-32BB14D14EA5}"
EndProject
Project("{9A19103F-16F7-4668-BE54-9A1E7A4F7556}") = "ODataApi", "ODataApi\ODataApi.csproj", "{FE879577-354C-43E9-B9B7-23121C133778}"
EndProject
Project("{9A19103F-16F7-4668-BE54-9A1E7A4F7556}") = "GrpcApi", "GrpcApi\GrpcApi\GrpcApi.csproj", "{D16E0F0E-9540-4A83-8BAD-0E5E9AB903C2}"
EndProject
Project("{9A19103F-16F7-4668-BE54-9A1E7A4F7556}") = "GrpcApiClient", "GrpcApi\GrpcApiClient\GrpcApiClient.csproj", "{7012FE8C-1CAC-4A44-BF93-925F6043B729}"
EndProject
Project("{2150E333-8FDC-42A3-9474-1A3956D46DE8}") = "Grpc", "Grpc", "{25D0858D-EA33-40DD-A7E1-2C3AE98E17ED}"
	ProjectSection(SolutionItems) = preProject
		GrpcApi\README.md = GrpcApi\README.md
	EndProjectSection
EndProject
Project("{9A19103F-16F7-4668-BE54-9A1E7A4F7556}") = "Shared", "Shared\Shared.csproj", "{E9A304AA-4E28-41BF-BD1C-C3B97380FA8A}"
EndProject
Project("{2150E333-8FDC-42A3-9474-1A3956D46DE8}") = "Solution Items", "Solution Items", "{0EA74A4D-6A8F-4A46-A9CE-4E1E7A5DBA83}"
	ProjectSection(SolutionItems) = preProject
		README.md = README.md
	EndProjectSection
EndProject
Global
	GlobalSection(SolutionConfigurationPlatforms) = preSolution
		Debug|Any CPU = Debug|Any CPU
		Release|Any CPU = Release|Any CPU
	EndGlobalSection
	GlobalSection(ProjectConfigurationPlatforms) = postSolution
		{6E679018-4D42-417E-BB63-0B1097C857E0}.Debug|Any CPU.ActiveCfg = Debug|Any CPU
		{6E679018-4D42-417E-BB63-0B1097C857E0}.Debug|Any CPU.Build.0 = Debug|Any CPU
		{6E679018-4D42-417E-BB63-0B1097C857E0}.Release|Any CPU.ActiveCfg = Release|Any CPU
		{6E679018-4D42-417E-BB63-0B1097C857E0}.Release|Any CPU.Build.0 = Release|Any CPU
		{C791231F-9AC4-4F2D-8ED8-32BB14D14EA5}.Debug|Any CPU.ActiveCfg = Debug|Any CPU
		{C791231F-9AC4-4F2D-8ED8-32BB14D14EA5}.Debug|Any CPU.Build.0 = Debug|Any CPU
		{C791231F-9AC4-4F2D-8ED8-32BB14D14EA5}.Release|Any CPU.ActiveCfg = Release|Any CPU
		{C791231F-9AC4-4F2D-8ED8-32BB14D14EA5}.Release|Any CPU.Build.0 = Release|Any CPU
		{FE879577-354C-43E9-B9B7-23121C133778}.Debug|Any CPU.ActiveCfg = Debug|Any CPU
		{FE879577-354C-43E9-B9B7-23121C133778}.Debug|Any CPU.Build.0 = Debug|Any CPU
		{FE879577-354C-43E9-B9B7-23121C133778}.Release|Any CPU.ActiveCfg = Release|Any CPU
		{FE879577-354C-43E9-B9B7-23121C133778}.Release|Any CPU.Build.0 = Release|Any CPU
		{D16E0F0E-9540-4A83-8BAD-0E5E9AB903C2}.Debug|Any CPU.ActiveCfg = Debug|Any CPU
		{D16E0F0E-9540-4A83-8BAD-0E5E9AB903C2}.Debug|Any CPU.Build.0 = Debug|Any CPU
		{D16E0F0E-9540-4A83-8BAD-0E5E9AB903C2}.Release|Any CPU.ActiveCfg = Release|Any CPU
		{D16E0F0E-9540-4A83-8BAD-0E5E9AB903C2}.Release|Any CPU.Build.0 = Release|Any CPU
		{7012FE8C-1CAC-4A44-BF93-925F6043B729}.Debug|Any CPU.ActiveCfg = Debug|Any CPU
		{7012FE8C-1CAC-4A44-BF93-925F6043B729}.Debug|Any CPU.Build.0 = Debug|Any CPU
		{7012FE8C-1CAC-4A44-BF93-925F6043B729}.Release|Any CPU.ActiveCfg = Release|Any CPU
		{7012FE8C-1CAC-4A44-BF93-925F6043B729}.Release|Any CPU.Build.0 = Release|Any CPU
		{E9A304AA-4E28-41BF-BD1C-C3B97380FA8A}.Debug|Any CPU.ActiveCfg = Debug|Any CPU
		{E9A304AA-4E28-41BF-BD1C-C3B97380FA8A}.Debug|Any CPU.Build.0 = Debug|Any CPU
		{E9A304AA-4E28-41BF-BD1C-C3B97380FA8A}.Release|Any CPU.ActiveCfg = Release|Any CPU
		{E9A304AA-4E28-41BF-BD1C-C3B97380FA8A}.Release|Any CPU.Build.0 = Release|Any CPU
	EndGlobalSection
	GlobalSection(SolutionProperties) = preSolution
		HideSolutionNode = FALSE
	EndGlobalSection
	GlobalSection(NestedProjects) = preSolution
		{D16E0F0E-9540-4A83-8BAD-0E5E9AB903C2} = {25D0858D-EA33-40DD-A7E1-2C3AE98E17ED}
		{7012FE8C-1CAC-4A44-BF93-925F6043B729} = {25D0858D-EA33-40DD-A7E1-2C3AE98E17ED}
	EndGlobalSection
	GlobalSection(ExtensibilityGlobals) = postSolution
		SolutionGuid = {F48D71AE-64B9-410F-B61C-F20C85E9F2C7}
	EndGlobalSection
EndGlobal
